# THIS IS AN AUTOGENERATED FILE. DO NOT EDIT THIS FILE DIRECTLY.
# yarn lockfile v1


classnames@^2.2.5:
  version "2.2.6"
  resolved "https://registry.yarnpkg.com/classnames/-/classnames-2.2.6.tgz#43935bffdd291f326dad0a205309b38d00f650ce"
  integrity sha512-JR/iSQOSt+LQIWwrwEzJ9uk0xfN3mTVYMwt1Ir5mUcSN6pU+V4zQFFaJsclJbPuAUQH+yfWef6tm7l1quW3C8Q==

fast-memoize@^2.5.1:
  version "2.5.1"
  resolved "https://registry.yarnpkg.com/fast-memoize/-/fast-memoize-2.5.1.tgz#c3519241e80552ce395e1a32dcdde8d1fd680f5d"
  integrity sha512-xdmw296PCL01tMOXx9mdJSmWY29jQgxyuZdq0rEHMu+Tpe1eOEtCycoG6chzlcrWsNgpZP7oL8RiQr7+G6Bl6g==

"js-tokens@^3.0.0 || ^4.0.0":
  version "4.0.0"
  resolved "https://registry.yarnpkg.com/js-tokens/-/js-tokens-4.0.0.tgz#19203fb59991df98e3a287050d4647cdeaf32499"
  integrity sha512-RdJUflcE3cUzKiMqQgsCu06FPu9UdIJO0beYbPhHN4k6apgJtifcoCtT9bcxOpYBtpD2kCM6Sbzg4CausW/PKQ==

loose-envify@^1.4.0:
  version "1.4.0"
  resolved "https://registry.yarnpkg.com/loose-envify/-/loose-envify-1.4.0.tgz#71ee51fa7be4caec1a63839f7e682d8132d30caf"
  integrity sha512-lyuxPGr/Wfhrlem2CL/UcnUc1zcqKAImBDzukY7Y5F/yQiNdko6+fRLevlw1HgMySw7f611UIY408EtxRSoK3Q==
  dependencies:
    js-tokens "^3.0.0 || ^4.0.0"

object-assign@^4.1.1:
  version "4.1.1"
  resolved "https://registry.yarnpkg.com/object-assign/-/object-assign-4.1.1.tgz#2109adc7965887cfc05cbbd442cac8bfbb360863"
  integrity sha1-IQmtx5ZYh8/AXLvUQsrIv7s2CGM=

prop-types@15.x, prop-types@^15.6.0:
  version "15.7.2"
  resolved "https://registry.yarnpkg.com/prop-types/-/prop-types-15.7.2.tgz#52c41e75b8c87e72b9d9360e0206b99dcbffa6c5"
  integrity sha512-8QQikdH7//R2vurIJSutZ1smHYTcLpRWEOlHnzcWHmBYrOGUysKwSsrC89BCiFj3CbrfJ/nXFdJepOVrY1GCHQ==
  dependencies:
    loose-envify "^1.4.0"
    object-assign "^4.1.1"
    react-is "^16.8.1"

re-resizable@^5.0.1:
  version "5.0.1"
  resolved "https://registry.yarnpkg.com/re-resizable/-/re-resizable-5.0.1.tgz#66756a7aa0583b199e23e23f12a71c546031146d"
  integrity sha512-Iy8v5li7bhNBDxCN1DbA4l6G2Hk8NCZtcExoI1D+5pfvKyQcH8LH2P5h3DGoEfHhs0uyyRC1Qx8bHBomfrmxgA==
  dependencies:
    fast-memoize "^2.5.1"

react-draggable@^3.0.3, react-draggable@^3.3.0:
  version "3.3.0"
  resolved "https://registry.yarnpkg.com/react-draggable/-/react-draggable-3.3.0.tgz#2ed7ea3f92e7d742d747f9e6324860606cd4d997"
  integrity sha512-U7/jD0tAW4T0S7DCPK0kkKLyL0z61sC/eqU+NUfDjnq+JtBKaYKDHpsK2wazctiA4alEzCXUnzkREoxppOySVw==
  dependencies:
    classnames "^2.2.5"
    prop-types "^15.6.0"

react-is@^16.8.1:
  version "16.8.6"
  resolved "https://registry.yarnpkg.com/react-is/-/react-is-16.8.6.tgz#5bbc1e2d29141c9fbdfed456343fe2bc430a6a16"
  integrity sha512-aUk3bHfZ2bRSVFFbbeVS4i+lNPZr3/WM5jT2J5omUVV1zzcs1nAaf3l51ctA5FFvCRbhrH0bdAsRRQddFJZPtA==

react-resizable@^1.8.0:
  version "1.8.0"
  resolved "https://registry.yarnpkg.com/react-resizable/-/react-resizable-1.8.0.tgz#a6dd8c90826f1e54244141b770318e0320663a43"
  integrity sha512-lfYlCelPyUL8GLYd4SgFtZOrFY8XpxpDwXjgGHLiLM2aMv7mEkBT8Jn5MUV1TCinF5mIro4CMezfnniAZEkGvg==
  dependencies:
    prop-types "15.x"
    react-draggable "^3.0.3"
